
Microsoft Visual Studio Solution File, Format Version 11.00
# Visual Studio 2010
Project("{8BC9CEB8-8B4A-11D0-8D11-00A0C91BC942}") = "ODZ", "ODZ\ODZ.vcxproj", "{A535D3CD-1E9F-47A9-9D0E-2F64B06BB8F3}"
EndProject
Global
	GlobalSection(SolutionConfigurationPlatforms) = preSolution
		Debug|Win32 = Debug|Win32
		Release|Win32 = Release|Win32
	EndGlobalSection
	GlobalSection(ProjectConfigurationPlatforms) = postSolution
		{A535D3CD-1E9F-47A9-9D0E-2F64B06BB8F3}.Debug|Win32.ActiveCfg = Debug|Win32
		{A535D3CD-1E9F-47A9-9D0E-2F64B06BB8F3}.Debug|Win32.Build.0 = Debug|Win32
		{A535D3CD-1E9F-47A9-9D0E-2F64B06BB8F3}.Release|Win32.ActiveCfg = Release|Win32
		{A535D3CD-1E9F-47A9-9D0E-2F64B06BB8F3}.Release|Win32.Build.0 = Release|Win32
	EndGlobalSection
	GlobalSection(SolutionProperties) = preSolution
		HideSolutionNode = FALSE
	EndGlobalSection
EndGlobal
